// !$*UTF8*$!
{
	archiveVersion = 1;
	classes = {
	};
	objectVersion = 56;
	objects = {

/* Begin PBXBuildFile section */
		231FA7052C996FAF007846E9 /* CrossPostersIOSApp.swift in Sources */ = {isa = PBXBuildFile; fileRef = 231FA7042C996FAF007846E9 /* CrossPostersIOSApp.swift */; };
		231FA7072C996FAF007846E9 /* ContentView.swift in Sources */ = {isa = PBXBuildFile; fileRef = 231FA7062C996FAF007846E9 /* ContentView.swift */; };
		231FA7092C996FB0007846E9 /* Assets.xcassets in Resources */ = {isa = PBXBuildFile; fileRef = 231FA7082C996FB0007846E9 /* Assets.xcassets */; };
		231FA70C2C996FB0007846E9 /* Preview Assets.xcassets in Resources */ = {isa = PBXBuildFile; fileRef = 231FA70B2C996FB0007846E9 /* Preview Assets.xcassets */; };
		231FA7132C997262007846E9 /* PosterItemResponse.swift in Sources */ = {isa = PBXBuildFile; fileRef = 231FA7122C997262007846E9 /* PosterItemResponse.swift */; };
		231FA7152C997301007846E9 /* PosterInfo.swift in Sources */ = {isa = PBXBuildFile; fileRef = 231FA7142C997301007846E9 /* PosterInfo.swift */; };
		231FA7172C997361007846E9 /* Poster.swift in Sources */ = {isa = PBXBuildFile; fileRef = 231FA7162C997361007846E9 /* Poster.swift */; };
		231FA7192C9973CD007846E9 /* PostersViewModel.swift in Sources */ = {isa = PBXBuildFile; fileRef = 231FA7182C9973CD007846E9 /* PostersViewModel.swift */; };
		231FA7202C99759C007846E9 /* Tokens.swift in Sources */ = {isa = PBXBuildFile; fileRef = 231FA71F2C99759C007846E9 /* Tokens.swift */; };
/* End PBXBuildFile section */

/* Begin PBXFileReference section */
		231FA7012C996FAF007846E9 /* CrossPostersIOS.app */ = {isa = PBXFileReference; explicitFileType = wrapper.application; includeInIndex = 0; path = CrossPostersIOS.app; sourceTree = BUILT_PRODUCTS_DIR; };
		231FA7042C996FAF007846E9 /* CrossPostersIOSApp.swift */ = {isa = PBXFileReference; lastKnownFileType = sourcecode.swift; path = CrossPostersIOSApp.swift; sourceTree = "<group>"; };
		231FA7062C996FAF007846E9 /* ContentView.swift */ = {isa = PBXFileReference; lastKnownFileType = sourcecode.swift; path = ContentView.swift; sourceTree = "<group>"; };
		231FA7082C996FB0007846E9 /* Assets.xcassets */ = {isa = PBXFileReference; lastKnownFileType = folder.assetcatalog; path = Assets.xcassets; sourceTree = "<group>"; };
		231FA70B2C996FB0007846E9 /* Preview Assets.xcassets */ = {isa = PBXFileReference; lastKnownFileType = folder.assetcatalog; path = "Preview Assets.xcassets"; sourceTree = "<group>"; };
		231FA7122C997262007846E9 /* PosterItemResponse.swift */ = {isa = PBXFileReference; lastKnownFileType = sourcecode.swift; path = PosterItemResponse.swift; sourceTree = "<group>"; };
		231FA7142C997301007846E9 /* PosterInfo.swift */ = {isa = PBXFileReference; lastKnownFileType = sourcecode.swift; path = PosterInfo.swift; sourceTree = "<group>"; };
		231FA7162C997361007846E9 /* Poster.swift */ = {isa = PBXFileReference; lastKnownFileType = sourcecode.swift; path = Poster.swift; sourceTree = "<group>"; };
		231FA7182C9973CD007846E9 /* PostersViewModel.swift */ = {isa = PBXFileReference; lastKnownFileType = sourcecode.swift; path = PostersViewModel.swift; sourceTree = "<group>"; };
		231FA71F2C99759C007846E9 /* Tokens.swift */ = {isa = PBXFileReference; lastKnownFileType = sourcecode.swift; path = Tokens.swift; sourceTree = "<group>"; };
/* End PBXFileReference section */

/* Begin PBXFrameworksBuildPhase section */
		231FA6FE2C996FAF007846E9 /* Frameworks */ = {
			isa = PBXFrameworksBuildPhase;
			buildActionMask = 2147483647;
			files = (
			);
			runOnlyForDeploymentPostprocessing = 0;
		};
/* End PBXFrameworksBuildPhase section */

/* Begin PBXGroup section */
		231FA6F82C996FAF007846E9 = {
			isa = PBXGroup;
			children = (
				231FA71F2C99759C007846E9 /* Tokens.swift */,
				231FA7032C996FAF007846E9 /* CrossPostersIOS */,
				231FA7022C996FAF007846E9 /* Products */,
			);
			sourceTree = "<group>";
		};
		231FA7022C996FAF007846E9 /* Products */ = {
			isa = PBXGroup;
			children = (
				231FA7012C996FAF007846E9 /* CrossPostersIOS.app */,
			);
			name = Products;
			sourceTree = "<group>";
		};
		231FA7032C996FAF007846E9 /* CrossPostersIOS */ = {
			isa = PBXGroup;
			children = (
				231FA7042C996FAF007846E9 /* CrossPostersIOSApp.swift */,
				231FA7062C996FAF007846E9 /* ContentView.swift */,
				231FA7082C996FB0007846E9 /* Assets.xcassets */,
				231FA70A2C996FB0007846E9 /* Preview Content */,
				231FA7122C997262007846E9 /* PosterItemResponse.swift */,
				231FA7142C997301007846E9 /* PosterInfo.swift */,
				231FA7162C997361007846E9 /* Poster.swift */,
				231FA7182C9973CD007846E9 /* PostersViewModel.swift */,
			);
			path = CrossPostersIOS;
			sourceTree = "<group>";
		};
		231FA70A2C996FB0007846E9 /* Preview Content */ = {
			isa = PBXGroup;
			children = (
				231FA70B2C996FB0007846E9 /* Preview Assets.xcassets */,
			);
			path = "Preview Content";
			sourceTree = "<group>";
		};
/* End PBXGroup section */

/* Begin PBXNativeTarget section */
		231FA7002C996FAF007846E9 /* CrossPostersIOS */ = {
			isa = PBXNativeTarget;
			buildConfigurationList = 231FA70F2C996FB0007846E9 /* Build configuration list for PBXNativeTarget "CrossPostersIOS" */;
			buildPhases = (
				231FA6FD2C996FAF007846E9 /* Sources */,
				231FA6FE2C996FAF007846E9 /* Frameworks */,
				231FA6FF2C996FAF007846E9 /* Resources */,
			);
			buildRules = (
			);
			dependencies = (
			);
			name = CrossPostersIOS;
			packageProductDependencies = (
			);
			productName = CrossPostersIOS;
			productReference = 231FA7012C996FAF007846E9 /* CrossPostersIOS.app */;
			productType = "com.apple.product-type.application";
		};
/* End PBXNativeTarget section */

/* Begin PBXProject section */
		231FA6F92C996FAF007846E9 /* Project object */ = {
			isa = PBXProject;
			attributes = {
				BuildIndependentTargetsInParallel = 1;
				LastSwiftUpdateCheck = 1500;
				LastUpgradeCheck = 1500;
				TargetAttributes = {
					231FA7002C996FAF007846E9 = {
						CreatedOnToolsVersion = 15.0;
					};
				};
			};
			buildConfigurationList = 231FA6FC2C996FAF007846E9 /* Build configuration list for PBXProject "CrossPostersIOS" */;
			compatibilityVersion = "Xcode 14.0";
			developmentRegion = en;
			hasScannedForEncodings = 0;
			knownRegions = (
				en,
				Base,
			);
			mainGroup = 231FA6F82C996FAF007846E9;
			packageReferences = (
				231FA71A2C99745A007846E9 /* XCRemoteSwiftPackageReference "Alamofire" */,
			);
			productRefGroup = 231FA7022C996FAF007846E9 /* Products */;
			projectDirPath = "";
			projectRoot = "";
			targets = (
				231FA7002C996FAF007846E9 /* CrossPostersIOS */,
			);
		};
/* End PBXProject section */

/* Begin PBXResourcesBuildPhase section */
		231FA6FF2C996FAF007846E9 /* Resources */ = {
			isa = PBXResourcesBuildPhase;
			buildActionMask = 2147483647;
			files = (
				231FA70C2C996FB0007846E9 /* Preview Assets.xcassets in Resources */,
				231FA7092C996FB0007846E9 /* Assets.xcassets in Resources */,
			);
			runOnlyForDeploymentPostprocessing = 0;
		};
/* End PBXResourcesBuildPhase section */

/* Begin PBXSourcesBuildPhase section */
		231FA6FD2C996FAF007846E9 /* Sources */ = {
			isa = PBXSourcesBuildPhase;
			buildActionMask = 2147483647;
			files = (
				231FA7172C997361007846E9 /* Poster.swift in Sources */,
				231FA7152C997301007846E9 /* PosterInfo.swift in Sources */,
				231FA7072C996FAF007846E9 /* ContentView.swift in Sources */,
				231FA7192C9973CD007846E9 /* PostersViewModel.swift in Sources */,
				231FA7052C996FAF007846E9 /* CrossPostersIOSApp.swift in Sources */,
				231FA7132C997262007846E9 /* PosterItemResponse.swift in Sources */,
				231FA7202C99759C007846E9 /* Tokens.swift in Sources */,
			);
			runOnlyForDeploymentPostprocessing = 0;
		};
/* End PBXSourcesBuildPhase section */

/* Begin XCBuildConfiguration section */
		231FA70D2C996FB0007846E9 /* Debug */ = {
			isa = XCBuildConfiguration;
			buildSettings = {
				ALWAYS_SEARCH_USER_PATHS = NO;
				ASSETCATALOG_COMPILER_GENERATE_SWIFT_ASSET_SYMBOL_EXTENSIONS = YES;
				CLANG_ANALYZER_NONNULL = YES;
				CLANG_ANALYZER_NUMBER_OBJECT_CONVERSION = YES_AGGRESSIVE;
				CLANG_CXX_LANGUAGE_STANDARD = "gnu++20";
				CLANG_ENABLE_MODULES = YES;
				CLANG_ENABLE_OBJC_ARC = YES;
				CLANG_ENABLE_OBJC_WEAK = YES;
				CLANG_WARN_BLOCK_CAPTURE_AUTORELEASING = YES;
				CLANG_WARN_BOOL_CONVERSION = YES;
				CLANG_WARN_COMMA = YES;
				CLANG_WARN_CONSTANT_CONVERSION = YES;
				CLANG_WARN_DEPRECATED_OBJC_IMPLEMENTATIONS = YES;
				CLANG_WARN_DIRECT_OBJC_ISA_USAGE = YES_ERROR;
				CLANG_WARN_DOCUMENTATION_COMMENTS = YES;
				CLANG_WARN_EMPTY_BODY = YES;
				CLANG_WARN_ENUM_CONVERSION = YES;
				CLANG_WARN_INFINITE_RECURSION = YES;
				CLANG_WARN_INT_CONVERSION = YES;
				CLANG_WARN_NON_LITERAL_NULL_CONVERSION = YES;
				CLANG_WARN_OBJC_IMPLICIT_RETAIN_SELF = YES;
				CLANG_WARN_OBJC_LITERAL_CONVERSION = YES;
				CLANG_WARN_OBJC_ROOT_CLASS = YES_ERROR;
				CLANG_WARN_QUOTED_INCLUDE_IN_FRAMEWORK_HEADER = YES;
				CLANG_WARN_RANGE_LOOP_ANALYSIS = YES;
				CLANG_WARN_STRICT_PROTOTYPES = YES;
				CLANG_WARN_SUSPICIOUS_MOVE = YES;
				CLANG_WARN_UNGUARDED_AVAILABILITY = YES_AGGRESSIVE;
				CLANG_WARN_UNREACHABLE_CODE = YES;
				CLANG_WARN__DUPLICATE_METHOD_MATCH = YES;
				COPY_PHASE_STRIP = NO;
				DEBUG_INFORMATION_FORMAT = dwarf;
				ENABLE_STRICT_OBJC_MSGSEND = YES;
				ENABLE_TESTABILITY = YES;
				ENABLE_USER_SCRIPT_SANDBOXING = YES;
				GCC_C_LANGUAGE_STANDARD = gnu17;
				GCC_DYNAMIC_NO_PIC = NO;
				GCC_NO_COMMON_BLOCKS = YES;
				GCC_OPTIMIZATION_LEVEL = 0;
				GCC_PREPROCESSOR_DEFINITIONS = (
					"DEBUG=1",
					"$(inherited)",
				);
				GCC_WARN_64_TO_32_BIT_CONVERSION = YES;
				GCC_WARN_ABOUT_RETURN_TYPE = YES_ERROR;
				GCC_WARN_UNDECLARED_SELECTOR = YES;
				GCC_WARN_UNINITIALIZED_AUTOS = YES_AGGRESSIVE;
				GCC_WARN_UNUSED_FUNCTION = YES;
				GCC_WARN_UNUSED_VARIABLE = YES;
				IPHONEOS_DEPLOYMENT_TARGET = 17.0;
				LOCALIZATION_PREFERS_STRING_CATALOGS = YES;
				MTL_ENABLE_DEBUG_INFO = INCLUDE_SOURCE;
				MTL_FAST_MATH = YES;
				ONLY_ACTIVE_ARCH = YES;
				SDKROOT = iphoneos;
				SWIFT_ACTIVE_COMPILATION_CONDITIONS = "DEBUG $(inherited)";
				SWIFT_OPTIMIZATION_LEVEL = "-Onone";
			};
			name = Debug;
		};
		231FA70E2C996FB0007846E9 /* Release */ = {
			isa = XCBuildConfiguration;
			buildSettings = {
				ALWAYS_SEARCH_USER_PATHS = NO;
				ASSETCATALOG_COMPILER_GENERATE_SWIFT_ASSET_SYMBOL_EXTENSIONS = YES;
				CLANG_ANALYZER_NONNULL = YES;
				CLANG_ANALYZER_NUMBER_OBJECT_CONVERSION = YES_AGGRESSIVE;
				CLANG_CXX_LANGUAGE_STANDARD = "gnu++20";
				CLANG_ENABLE_MODULES = YES;
				CLANG_ENABLE_OBJC_ARC = YES;
				CLANG_ENABLE_OBJC_WEAK = YES;
				CLANG_WARN_BLOCK_CAPTURE_AUTORELEASING = YES;
				CLANG_WARN_BOOL_CONVERSION = YES;
				CLANG_WARN_COMMA = YES;
				CLANG_WARN_CONSTANT_CONVERSION = YES;
				CLANG_WARN_DEPRECATED_OBJC_IMPLEMENTATIONS = YES;
				CLANG_WARN_DIRECT_OBJC_ISA_USAGE = YES_ERROR;
				CLANG_WARN_DOCUMENTATION_COMMENTS = YES;
				CLANG_WARN_EMPTY_BODY = YES;
				CLANG_WARN_ENUM_CONVERSION = YES;
				CLANG_WARN_INFINITE_RECURSION = YES;
				CLANG_WARN_INT_CONVERSION = YES;
				CLANG_WARN_NON_LITERAL_NULL_CONVERSION = YES;
				CLANG_WARN_OBJC_IMPLICIT_RETAIN_SELF = YES;
				CLANG_WARN_OBJC_LITERAL_CONVERSION = YES;
				CLANG_WARN_OBJC_ROOT_CLASS = YES_ERROR;
				CLANG_WARN_QUOTED_INCLUDE_IN_FRAMEWORK_HEADER = YES;
				CLANG_WARN_RANGE_LOOP_ANALYSIS = YES;
				CLANG_WARN_STRICT_PROTOTYPES = YES;
				CLANG_WARN_SUSPICIOUS_MOVE = YES;
				CLANG_WARN_UNGUARDED_AVAILABILITY = YES_AGGRESSIVE;
				CLANG_WARN_UNREACHABLE_CODE = YES;
				CLANG_WARN__DUPLICATE_METHOD_MATCH = YES;
				COPY_PHASE_STRIP = NO;
				DEBUG_INFORMATION_FORMAT = "dwarf-with-dsym";
				ENABLE_NS_ASSERTIONS = NO;
				ENABLE_STRICT_OBJC_MSGSEND = YES;
				ENABLE_USER_SCRIPT_SANDBOXING = YES;
				GCC_C_LANGUAGE_STANDARD = gnu17;
				GCC_NO_COMMON_BLOCKS = YES;
				GCC_WARN_64_TO_32_BIT_CONVERSION = YES;
				GCC_WARN_ABOUT_RETURN_TYPE = YES_ERROR;
				GCC_WARN_UNDECLARED_SELECTOR = YES;
				GCC_WARN_UNINITIALIZED_AUTOS = YES_AGGRESSIVE;
				GCC_WARN_UNUSED_FUNCTION = YES;
				GCC_WARN_UNUSED_VARIABLE = YES;
				IPHONEOS_DEPLOYMENT_TARGET = 17.0;
				LOCALIZATION_PREFERS_STRING_CATALOGS = YES;
				MTL_ENABLE_DEBUG_INFO = NO;
				MTL_FAST_MATH = YES;
				SDKROOT = iphoneos;
				SWIFT_COMPILATION_MODE = wholemodule;
				VALIDATE_PRODUCT = YES;
			};
			name = Release;
		};
		231FA7102C996FB0007846E9 /* Debug */ = {
			isa = XCBuildConfiguration;
			buildSettings = {
				ASSETCATALOG_COMPILER_APPICON_NAME = AppIcon;
				ASSETCATALOG_COMPILER_GLOBAL_ACCENT_COLOR_NAME = AccentColor;
				CODE_SIGN_STYLE = Automatic;
				CURRENT_PROJECT_VERSION = 1;
				DEVELOPMENT_ASSET_PATHS = "\"CrossPostersIOS/Preview Content\"";
				DEVELOPMENT_TEAM = 8DGFFC8599;
				ENABLE_PREVIEWS = YES;
				GENERATE_INFOPLIST_FILE = YES;
				INFOPLIST_KEY_UIApplicationSceneManifest_Generation = YES;
				INFOPLIST_KEY_UIApplicationSupportsIndirectInputEvents = YES;
				INFOPLIST_KEY_UILaunchScreen_Generation = YES;
				INFOPLIST_KEY_UISupportedInterfaceOrientations_iPad = "UIInterfaceOrientationPortrait UIInterfaceOrientationPortraitUpsideDown UIInterfaceOrientationLandscapeLeft UIInterfaceOrientationLandscapeRight";
				INFOPLIST_KEY_UISupportedInterfaceOrientations_iPhone = "UIInterfaceOrientationPortrait UIInterfaceOrientationLandscapeLeft UIInterfaceOrientationLandscapeRight";
				LD_RUNPATH_SEARCH_PATHS = (
					"$(inherited)",
					"@executable_path/Frameworks",
				);
				MARKETING_VERSION = 1.0;
				PRODUCT_BUNDLE_IDENTIFIER = com.krs.CrossPostersIOS;
				PRODUCT_NAME = "$(TARGET_NAME)";
				SUPPORTED_PLATFORMS = "iphoneos iphonesimulator";
				SUPPORTS_MACCATALYST = NO;
				SUPPORTS_MAC_DESIGNED_FOR_IPHONE_IPAD = NO;
				SUPPORTS_XR_DESIGNED_FOR_IPHONE_IPAD = NO;
				SWIFT_EMIT_LOC_STRINGS = YES;
				SWIFT_VERSION = 5.0;
				TARGETED_DEVICE_FAMILY = 1;
			};
			name = Debug;
		};
		231FA7112C996FB0007846E9 /* Release */ = {
			isa = XCBuildConfiguration;
			buildSettings = {
				ASSETCATALOG_COMPILER_APPICON_NAME = AppIcon;
				ASSETCATALOG_COMPILER_GLOBAL_ACCENT_COLOR_NAME = AccentColor;
				CODE_SIGN_STYLE = Automatic;
				CURRENT_PROJECT_VERSION = 1;
				DEVELOPMENT_ASSET_PATHS = "\"CrossPostersIOS/Preview Content\"";
				DEVELOPMENT_TEAM = 8DGFFC8599;
				ENABLE_PREVIEWS = YES;
				GENERATE_INFOPLIST_FILE = YES;
				INFOPLIST_KEY_UIApplicationSceneManifest_Generation = YES;
				INFOPLIST_KEY_UIApplicationSupportsIndirectInputEvents = YES;
				INFOPLIST_KEY_UILaunchScreen_Generation = YES;
				INFOPLIST_KEY_UISupportedInterfaceOrientations_iPad = "UIInterfaceOrientationPortrait UIInterfaceOrientationPortraitUpsideDown UIInterfaceOrientationLandscapeLeft UIInterfaceOrientationLandscapeRight";
				INFOPLIST_KEY_UISupportedInterfaceOrientations_iPhone = "UIInterfaceOrientationPortrait UIInterfaceOrientationLandscapeLeft UIInterfaceOrientationLandscapeRight";
				LD_RUNPATH_SEARCH_PATHS = (
					"$(inherited)",
					"@executable_path/Frameworks",
				);
				MARKETING_VERSION = 1.0;
				PRODUCT_BUNDLE_IDENTIFIER = com.krs.CrossPostersIOS;
				PRODUCT_NAME = "$(TARGET_NAME)";
				SUPPORTED_PLATFORMS = "iphoneos iphonesimulator";
				SUPPORTS_MACCATALYST = NO;
				SUPPORTS_MAC_DESIGNED_FOR_IPHONE_IPAD = NO;
				SUPPORTS_XR_DESIGNED_FOR_IPHONE_IPAD = NO;
				SWIFT_EMIT_LOC_STRINGS = YES;
				SWIFT_VERSION = 5.0;
				TARGETED_DEVICE_FAMILY = 1;
			};
			name = Release;
		};
/* End XCBuildConfiguration section */

/* Begin XCConfigurationList section */
		231FA6FC2C996FAF007846E9 /* Build configuration list for PBXProject "CrossPostersIOS" */ = {
			isa = XCConfigurationList;
			buildConfigurations = (
				231FA70D2C996FB0007846E9 /* Debug */,
				231FA70E2C996FB0007846E9 /* Release */,
			);
			defaultConfigurationIsVisible = 0;
			defaultConfigurationName = Release;
		};
		231FA70F2C996FB0007846E9 /* Build configuration list for PBXNativeTarget "CrossPostersIOS" */ = {
			isa = XCConfigurationList;
			buildConfigurations = (
				231FA7102C996FB0007846E9 /* Debug */,
				231FA7112C996FB0007846E9 /* Release */,
			);
			defaultConfigurationIsVisible = 0;
			defaultConfigurationName = Release;
		};
/* End XCConfigurationList section */

/* Begin XCRemoteSwiftPackageReference section */
		231FA71A2C99745A007846E9 /* XCRemoteSwiftPackageReference "Alamofire" */ = {
			isa = XCRemoteSwiftPackageReference;
			repositoryURL = "https://github.com/Alamofire/Alamofire.git";
			requirement = {
				kind = upToNextMajorVersion;
				minimumVersion = 5.9.1;
			};
		};
/* End XCRemoteSwiftPackageReference section */
	};
	rootObject = 231FA6F92C996FAF007846E9 /* Project object */;
}
